// !$*UTF8*$!
{
	archiveVersion = 1;
	classes = {
	};
	objectVersion = 46;
	objects = {

/* Begin PBXBuildFile section */
		520BE73119F5C7CB00331BFA /* Repo.swift in Sources */ = {isa = PBXBuildFile; fileRef = 520BE73019F5C7CB00331BFA /* Repo.swift */; };
		5222A7A119F5B52800F7DA5B /* NetworkController.swift in Sources */ = {isa = PBXBuildFile; fileRef = 5222A7A019F5B52800F7DA5B /* NetworkController.swift */; };
		5222A7A919F5B88D00F7DA5B /* Repo.JSON in Resources */ = {isa = PBXBuildFile; fileRef = 5222A7A719F5B88D00F7DA5B /* Repo.JSON */; };
		5265588E19F95F40007736A6 /* ImageCell.swift in Sources */ = {isa = PBXBuildFile; fileRef = 5265588D19F95F40007736A6 /* ImageCell.swift */; };
		5265589119F964C7007736A6 /* ShowImageAnimator.swift in Sources */ = {isa = PBXBuildFile; fileRef = 5265589019F964C7007736A6 /* ShowImageAnimator.swift */; };
		5265589319F964CF007736A6 /* HideImageAnimator.swift in Sources */ = {isa = PBXBuildFile; fileRef = 5265589219F964CF007736A6 /* HideImageAnimator.swift */; };
		5265589519F9A9EB007736A6 /* RootViewController.swift in Sources */ = {isa = PBXBuildFile; fileRef = 5265589419F9A9EB007736A6 /* RootViewController.swift */; };
		5288148619F56BE0005A362D /* AppDelegate.swift in Sources */ = {isa = PBXBuildFile; fileRef = 5288148519F56BE0005A362D /* AppDelegate.swift */; };
		5288148819F56BE0005A362D /* RepoViewController.swift in Sources */ = {isa = PBXBuildFile; fileRef = 5288148719F56BE0005A362D /* RepoViewController.swift */; };
		5288148B19F56BE0005A362D /* Main.storyboard in Resources */ = {isa = PBXBuildFile; fileRef = 5288148919F56BE0005A362D /* Main.storyboard */; };
		5288148D19F56BE0005A362D /* Images.xcassets in Resources */ = {isa = PBXBuildFile; fileRef = 5288148C19F56BE0005A362D /* Images.xcassets */; };
		5288149019F56BE0005A362D /* LaunchScreen.xib in Resources */ = {isa = PBXBuildFile; fileRef = 5288148E19F56BE0005A362D /* LaunchScreen.xib */; };
		5288149C19F56BE0005A362D /* GitHubToGoTests.swift in Sources */ = {isa = PBXBuildFile; fileRef = 5288149B19F56BE0005A362D /* GitHubToGoTests.swift */; };
		528814A619F57046005A362D /* SplitContainerViewController.swift in Sources */ = {isa = PBXBuildFile; fileRef = 528814A519F57046005A362D /* SplitContainerViewController.swift */; };
		5288AB3019F8455C006FC7B3 /* UserViewController.swift in Sources */ = {isa = PBXBuildFile; fileRef = 5288AB2F19F8455C006FC7B3 /* UserViewController.swift */; };
		5288AB6319F84AEB006FC7B3 /* UserCell.swift in Sources */ = {isa = PBXBuildFile; fileRef = 5288AB6219F84AEB006FC7B3 /* UserCell.swift */; };
		528B72A819F9B0A4008F8031 /* Extension.swift in Sources */ = {isa = PBXBuildFile; fileRef = 528B72A719F9B0A4008F8031 /* Extension.swift */; };
		52AA7C9C19F89DFF00B03847 /* UserDetailViewController.swift in Sources */ = {isa = PBXBuildFile; fileRef = 52AA7C9B19F89DFF00B03847 /* UserDetailViewController.swift */; };
		52FF8C1A19F850A900060B50 /* User.swift in Sources */ = {isa = PBXBuildFile; fileRef = 52FF8C1919F850A900060B50 /* User.swift */; };
		52FF8C1C19F850DF00060B50 /* User.JSON in Resources */ = {isa = PBXBuildFile; fileRef = 52FF8C1B19F850DF00060B50 /* User.JSON */; };
		52FF8C1E19F85D6A00060B50 /* ViewController.swift in Sources */ = {isa = PBXBuildFile; fileRef = 52FF8C1D19F85D6A00060B50 /* ViewController.swift */; };
		52FF9F2219F5DC5F00323BA7 /* RepoCell.swift in Sources */ = {isa = PBXBuildFile; fileRef = 52FF9F2119F5DC5F00323BA7 /* RepoCell.swift */; };
/* End PBXBuildFile section */

/* Begin PBXContainerItemProxy section */
		5288149619F56BE0005A362D /* PBXContainerItemProxy */ = {
			isa = PBXContainerItemProxy;
			containerPortal = 5288147819F56BE0005A362D /* Project object */;
			proxyType = 1;
			remoteGlobalIDString = 5288147F19F56BE0005A362D;
			remoteInfo = GitHubToGo;
		};
/* End PBXContainerItemProxy section */

/* Begin PBXFileReference section */
		520BE73019F5C7CB00331BFA /* Repo.swift */ = {isa = PBXFileReference; fileEncoding = 4; lastKnownFileType = sourcecode.swift; name = Repo.swift; path = ../Repo.swift; sourceTree = "<group>"; };
		5222A7A019F5B52800F7DA5B /* NetworkController.swift */ = {isa = PBXFileReference; fileEncoding = 4; lastKnownFileType = sourcecode.swift; path = NetworkController.swift; sourceTree = "<group>"; };
		5222A7A719F5B88D00F7DA5B /* Repo.JSON */ = {isa = PBXFileReference; fileEncoding = 4; lastKnownFileType = text.json; path = Repo.JSON; sourceTree = "<group>"; };
		5265588D19F95F40007736A6 /* ImageCell.swift */ = {isa = PBXFileReference; fileEncoding = 4; lastKnownFileType = sourcecode.swift; path = ImageCell.swift; sourceTree = "<group>"; };
		5265589019F964C7007736A6 /* ShowImageAnimator.swift */ = {isa = PBXFileReference; fileEncoding = 4; lastKnownFileType = sourcecode.swift; path = ShowImageAnimator.swift; sourceTree = "<group>"; };
		5265589219F964CF007736A6 /* HideImageAnimator.swift */ = {isa = PBXFileReference; fileEncoding = 4; lastKnownFileType = sourcecode.swift; path = HideImageAnimator.swift; sourceTree = "<group>"; };
		5265589419F9A9EB007736A6 /* RootViewController.swift */ = {isa = PBXFileReference; fileEncoding = 4; lastKnownFileType = sourcecode.swift; path = RootViewController.swift; sourceTree = "<group>"; };
		5288148019F56BE0005A362D /* GitHubToGo.app */ = {isa = PBXFileReference; explicitFileType = wrapper.application; includeInIndex = 0; path = GitHubToGo.app; sourceTree = BUILT_PRODUCTS_DIR; };
		5288148419F56BE0005A362D /* Info.plist */ = {isa = PBXFileReference; lastKnownFileType = text.plist.xml; path = Info.plist; sourceTree = "<group>"; };
		5288148519F56BE0005A362D /* AppDelegate.swift */ = {isa = PBXFileReference; lastKnownFileType = sourcecode.swift; path = AppDelegate.swift; sourceTree = "<group>"; };
		5288148719F56BE0005A362D /* RepoViewController.swift */ = {isa = PBXFileReference; lastKnownFileType = sourcecode.swift; path = RepoViewController.swift; sourceTree = "<group>"; };
		5288148A19F56BE0005A362D /* Base */ = {isa = PBXFileReference; lastKnownFileType = file.storyboard; name = Base; path = Base.lproj/Main.storyboard; sourceTree = "<group>"; };
		5288148C19F56BE0005A362D /* Images.xcassets */ = {isa = PBXFileReference; lastKnownFileType = folder.assetcatalog; path = Images.xcassets; sourceTree = "<group>"; };
		5288148F19F56BE0005A362D /* Base */ = {isa = PBXFileReference; lastKnownFileType = file.xib; name = Base; path = Base.lproj/LaunchScreen.xib; sourceTree = "<group>"; };
		5288149519F56BE0005A362D /* GitHubToGoTests.xctest */ = {isa = PBXFileReference; explicitFileType = wrapper.cfbundle; includeInIndex = 0; path = GitHubToGoTests.xctest; sourceTree = BUILT_PRODUCTS_DIR; };
		5288149A19F56BE0005A362D /* Info.plist */ = {isa = PBXFileReference; lastKnownFileType = text.plist.xml; path = Info.plist; sourceTree = "<group>"; };
		5288149B19F56BE0005A362D /* GitHubToGoTests.swift */ = {isa = PBXFileReference; lastKnownFileType = sourcecode.swift; path = GitHubToGoTests.swift; sourceTree = "<group>"; };
		528814A519F57046005A362D /* SplitContainerViewController.swift */ = {isa = PBXFileReference; fileEncoding = 4; lastKnownFileType = sourcecode.swift; path = SplitContainerViewController.swift; sourceTree = "<group>"; };
		5288AB2F19F8455C006FC7B3 /* UserViewController.swift */ = {isa = PBXFileReference; fileEncoding = 4; lastKnownFileType = sourcecode.swift; path = UserViewController.swift; sourceTree = "<group>"; };
		5288AB6219F84AEB006FC7B3 /* UserCell.swift */ = {isa = PBXFileReference; fileEncoding = 4; lastKnownFileType = sourcecode.swift; path = UserCell.swift; sourceTree = "<group>"; };
		528B72A719F9B0A4008F8031 /* Extension.swift */ = {isa = PBXFileReference; fileEncoding = 4; lastKnownFileType = sourcecode.swift; path = Extension.swift; sourceTree = "<group>"; };
		52AA7C9B19F89DFF00B03847 /* UserDetailViewController.swift */ = {isa = PBXFileReference; fileEncoding = 4; lastKnownFileType = sourcecode.swift; path = UserDetailViewController.swift; sourceTree = "<group>"; };
		52FF8C1919F850A900060B50 /* User.swift */ = {isa = PBXFileReference; fileEncoding = 4; lastKnownFileType = sourcecode.swift; path = User.swift; sourceTree = "<group>"; };
		52FF8C1B19F850DF00060B50 /* User.JSON */ = {isa = PBXFileReference; fileEncoding = 4; lastKnownFileType = text.json; path = User.JSON; sourceTree = "<group>"; };
		52FF8C1D19F85D6A00060B50 /* ViewController.swift */ = {isa = PBXFileReference; fileEncoding = 4; lastKnownFileType = sourcecode.swift; path = ViewController.swift; sourceTree = "<group>"; };
		52FF9F2119F5DC5F00323BA7 /* RepoCell.swift */ = {isa = PBXFileReference; fileEncoding = 4; lastKnownFileType = sourcecode.swift; path = RepoCell.swift; sourceTree = "<group>"; };
/* End PBXFileReference section */

/* Begin PBXFrameworksBuildPhase section */
		5288147D19F56BE0005A362D /* Frameworks */ = {
			isa = PBXFrameworksBuildPhase;
			buildActionMask = 2147483647;
			files = (
			);
			runOnlyForDeploymentPostprocessing = 0;
		};
		5288149219F56BE0005A362D /* Frameworks */ = {
			isa = PBXFrameworksBuildPhase;
			buildActionMask = 2147483647;
			files = (
			);
			runOnlyForDeploymentPostprocessing = 0;
		};
/* End PBXFrameworksBuildPhase section */

/* Begin PBXGroup section */
		5222A7A219F5B52F00F7DA5B /* Controller Layer */ = {
			isa = PBXGroup;
			children = (
				528814A519F57046005A362D /* SplitContainerViewController.swift */,
				5288148719F56BE0005A362D /* RepoViewController.swift */,
				5222A7A019F5B52800F7DA5B /* NetworkController.swift */,
				5288AB2F19F8455C006FC7B3 /* UserViewController.swift */,
				52FF8C1D19F85D6A00060B50 /* ViewController.swift */,
				52AA7C9B19F89DFF00B03847 /* UserDetailViewController.swift */,
				5265589419F9A9EB007736A6 /* RootViewController.swift */,
			);
			name = "Controller Layer";
			sourceTree = "<group>";
		};
		5222A7A319F5B53A00F7DA5B /* Model Layer */ = {
			isa = PBXGroup;
			children = (
				52FF9F2119F5DC5F00323BA7 /* RepoCell.swift */,
				5288AB6219F84AEB006FC7B3 /* UserCell.swift */,
				520BE73019F5C7CB00331BFA /* Repo.swift */,
				52FF8C1919F850A900060B50 /* User.swift */,
				5222A7A719F5B88D00F7DA5B /* Repo.JSON */,
				52FF8C1B19F850DF00060B50 /* User.JSON */,
			);
			name = "Model Layer";
			sourceTree = "<group>";
		};
		5222A7A419F5B54000F7DA5B /* View Layer */ = {
			isa = PBXGroup;
			children = (
				5288148919F56BE0005A362D /* Main.storyboard */,
				5265588D19F95F40007736A6 /* ImageCell.swift */,
			);
			name = "View Layer";
			sourceTree = "<group>";
		};
		5265588F19F964B7007736A6 /* Animator */ = {
			isa = PBXGroup;
			children = (
				5265589219F964CF007736A6 /* HideImageAnimator.swift */,
				5265589019F964C7007736A6 /* ShowImageAnimator.swift */,
			);
			name = Animator;
			sourceTree = "<group>";
		};
		5288147719F56BE0005A362D = {
			isa = PBXGroup;
			children = (
				5288148219F56BE0005A362D /* GitHubToGo */,
				5288149819F56BE0005A362D /* GitHubToGoTests */,
				5288148119F56BE0005A362D /* Products */,
			);
			sourceTree = "<group>";
		};
		5288148119F56BE0005A362D /* Products */ = {
			isa = PBXGroup;
			children = (
				5288148019F56BE0005A362D /* GitHubToGo.app */,
				5288149519F56BE0005A362D /* GitHubToGoTests.xctest */,
			);
			name = Products;
			sourceTree = "<group>";
		};
		5288148219F56BE0005A362D /* GitHubToGo */ = {
			isa = PBXGroup;
			children = (
				528B72A719F9B0A4008F8031 /* Extension.swift */,
				5265588F19F964B7007736A6 /* Animator */,
				5222A7A419F5B54000F7DA5B /* View Layer */,
				5222A7A319F5B53A00F7DA5B /* Model Layer */,
				5222A7A219F5B52F00F7DA5B /* Controller Layer */,
				5288148519F56BE0005A362D /* AppDelegate.swift */,
				5288148C19F56BE0005A362D /* Images.xcassets */,
				5288148E19F56BE0005A362D /* LaunchScreen.xib */,
				5288148319F56BE0005A362D /* Supporting Files */,
			);
			path = GitHubToGo;
			sourceTree = "<group>";
		};
		5288148319F56BE0005A362D /* Supporting Files */ = {
			isa = PBXGroup;
			children = (
				5288148419F56BE0005A362D /* Info.plist */,
			);
			name = "Supporting Files";
			sourceTree = "<group>";
		};
		5288149819F56BE0005A362D /* GitHubToGoTests */ = {
			isa = PBXGroup;
			children = (
				5288149B19F56BE0005A362D /* GitHubToGoTests.swift */,
				5288149919F56BE0005A362D /* Supporting Files */,
			);
			path = GitHubToGoTests;
			sourceTree = "<group>";
		};
		5288149919F56BE0005A362D /* Supporting Files */ = {
			isa = PBXGroup;
			children = (
				5288149A19F56BE0005A362D /* Info.plist */,
			);
			name = "Supporting Files";
			sourceTree = "<group>";
		};
/* End PBXGroup section */

/* Begin PBXNativeTarget section */
		5288147F19F56BE0005A362D /* GitHubToGo */ = {
			isa = PBXNativeTarget;
			buildConfigurationList = 5288149F19F56BE0005A362D /* Build configuration list for PBXNativeTarget "GitHubToGo" */;
			buildPhases = (
				5288147C19F56BE0005A362D /* Sources */,
				5288147D19F56BE0005A362D /* Frameworks */,
				5288147E19F56BE0005A362D /* Resources */,
			);
			buildRules = (
			);
			dependencies = (
			);
			name = GitHubToGo;
			productName = GitHubToGo;
			productReference = 5288148019F56BE0005A362D /* GitHubToGo.app */;
			productType = "com.apple.product-type.application";
		};
		5288149419F56BE0005A362D /* GitHubToGoTests */ = {
			isa = PBXNativeTarget;
			buildConfigurationList = 528814A219F56BE0005A362D /* Build configuration list for PBXNativeTarget "GitHubToGoTests" */;
			buildPhases = (
				5288149119F56BE0005A362D /* Sources */,
				5288149219F56BE0005A362D /* Frameworks */,
				5288149319F56BE0005A362D /* Resources */,
			);
			buildRules = (
			);
			dependencies = (
				5288149719F56BE0005A362D /* PBXTargetDependency */,
			);
			name = GitHubToGoTests;
			productName = GitHubToGoTests;
			productReference = 5288149519F56BE0005A362D /* GitHubToGoTests.xctest */;
			productType = "com.apple.product-type.bundle.unit-test";
		};
/* End PBXNativeTarget section */

/* Begin PBXProject section */
		5288147819F56BE0005A362D /* Project object */ = {
			isa = PBXProject;
			attributes = {
				LastUpgradeCheck = 0600;
				ORGANIZATIONNAME = 21;
				TargetAttributes = {
					5288147F19F56BE0005A362D = {
						CreatedOnToolsVersion = 6.0.1;
					};
					5288149419F56BE0005A362D = {
						CreatedOnToolsVersion = 6.0.1;
						TestTargetID = 5288147F19F56BE0005A362D;
					};
				};
			};
			buildConfigurationList = 5288147B19F56BE0005A362D /* Build configuration list for PBXProject "GitHubToGo" */;
			compatibilityVersion = "Xcode 3.2";
			developmentRegion = English;
			hasScannedForEncodings = 0;
			knownRegions = (
				en,
				Base,
			);
			mainGroup = 5288147719F56BE0005A362D;
			productRefGroup = 5288148119F56BE0005A362D /* Products */;
			projectDirPath = "";
			projectRoot = "";
			targets = (
				5288147F19F56BE0005A362D /* GitHubToGo */,
				5288149419F56BE0005A362D /* GitHubToGoTests */,
			);
		};
/* End PBXProject section */

/* Begin PBXResourcesBuildPhase section */
		5288147E19F56BE0005A362D /* Resources */ = {
			isa = PBXResourcesBuildPhase;
			buildActionMask = 2147483647;
			files = (
				5222A7A919F5B88D00F7DA5B /* Repo.JSON in Resources */,
				52FF8C1C19F850DF00060B50 /* User.JSON in Resources */,
				5288148B19F56BE0005A362D /* Main.storyboard in Resources */,
				5288149019F56BE0005A362D /* LaunchScreen.xib in Resources */,
				5288148D19F56BE0005A362D /* Images.xcassets in Resources */,
			);
			runOnlyForDeploymentPostprocessing = 0;
		};
		5288149319F56BE0005A362D /* Resources */ = {
			isa = PBXResourcesBuildPhase;
			buildActionMask = 2147483647;
			files = (
			);
			runOnlyForDeploymentPostprocessing = 0;
		};
/* End PBXResourcesBuildPhase section */

/* Begin PBXSourcesBuildPhase section */
		5288147C19F56BE0005A362D /* Sources */ = {
			isa = PBXSourcesBuildPhase;
			buildActionMask = 2147483647;
			files = (
				52FF8C1E19F85D6A00060B50 /* ViewController.swift in Sources */,
				5222A7A119F5B52800F7DA5B /* NetworkController.swift in Sources */,
				5288AB3019F8455C006FC7B3 /* UserViewController.swift in Sources */,
				5288148819F56BE0005A362D /* RepoViewController.swift in Sources */,
				520BE73119F5C7CB00331BFA /* Repo.swift in Sources */,
				5265589519F9A9EB007736A6 /* RootViewController.swift in Sources */,
				5265588E19F95F40007736A6 /* ImageCell.swift in Sources */,
				528B72A819F9B0A4008F8031 /* Extension.swift in Sources */,
				5265589319F964CF007736A6 /* HideImageAnimator.swift in Sources */,
				52FF9F2219F5DC5F00323BA7 /* RepoCell.swift in Sources */,
				5288AB6319F84AEB006FC7B3 /* UserCell.swift in Sources */,
				5265589119F964C7007736A6 /* ShowImageAnimator.swift in Sources */,
				5288148619F56BE0005A362D /* AppDelegate.swift in Sources */,
				52FF8C1A19F850A900060B50 /* User.swift in Sources */,
				528814A619F57046005A362D /* SplitContainerViewController.swift in Sources */,
				52AA7C9C19F89DFF00B03847 /* UserDetailViewController.swift in Sources */,
			);
			runOnlyForDeploymentPostprocessing = 0;
		};
		5288149119F56BE0005A362D /* Sources */ = {
			isa = PBXSourcesBuildPhase;
			buildActionMask = 2147483647;
			files = (
				5288149C19F56BE0005A362D /* GitHubToGoTests.swift in Sources */,
			);
			runOnlyForDeploymentPostprocessing = 0;
		};
/* End PBXSourcesBuildPhase section */

/* Begin PBXTargetDependency section */
		5288149719F56BE0005A362D /* PBXTargetDependency */ = {
			isa = PBXTargetDependency;
			target = 5288147F19F56BE0005A362D /* GitHubToGo */;
			targetProxy = 5288149619F56BE0005A362D /* PBXContainerItemProxy */;
		};
/* End PBXTargetDependency section */

/* Begin PBXVariantGroup section */
		5288148919F56BE0005A362D /* Main.storyboard */ = {
			isa = PBXVariantGroup;
			children = (
				5288148A19F56BE0005A362D /* Base */,
			);
			name = Main.storyboard;
			sourceTree = "<group>";
		};
		5288148E19F56BE0005A362D /* LaunchScreen.xib */ = {
			isa = PBXVariantGroup;
			children = (
				5288148F19F56BE0005A362D /* Base */,
			);
			name = LaunchScreen.xib;
			sourceTree = "<group>";
		};
/* End PBXVariantGroup section */

/* Begin XCBuildConfiguration section */
		5288149D19F56BE0005A362D /* Debug */ = {
			isa = XCBuildConfiguration;
			buildSettings = {
				ALWAYS_SEARCH_USER_PATHS = NO;
				CLANG_CXX_LANGUAGE_STANDARD = "gnu++0x";
				CLANG_CXX_LIBRARY = "libc++";
				CLANG_ENABLE_MODULES = YES;
				CLANG_ENABLE_OBJC_ARC = YES;
				CLANG_WARN_BOOL_CONVERSION = YES;
				CLANG_WARN_CONSTANT_CONVERSION = YES;
				CLANG_WARN_DIRECT_OBJC_ISA_USAGE = YES_ERROR;
				CLANG_WARN_EMPTY_BODY = YES;
				CLANG_WARN_ENUM_CONVERSION = YES;
				CLANG_WARN_INT_CONVERSION = YES;
				CLANG_WARN_OBJC_ROOT_CLASS = YES_ERROR;
				CLANG_WARN_UNREACHABLE_CODE = YES;
				CLANG_WARN__DUPLICATE_METHOD_MATCH = YES;
				"CODE_SIGN_IDENTITY[sdk=iphoneos*]" = "iPhone Developer";
				COPY_PHASE_STRIP = NO;
				ENABLE_STRICT_OBJC_MSGSEND = YES;
				GCC_C_LANGUAGE_STANDARD = gnu99;
				GCC_DYNAMIC_NO_PIC = NO;
				GCC_OPTIMIZATION_LEVEL = 0;
				GCC_PREPROCESSOR_DEFINITIONS = (
					"DEBUG=1",
					"$(inherited)",
				);
				GCC_SYMBOLS_PRIVATE_EXTERN = NO;
				GCC_WARN_64_TO_32_BIT_CONVERSION = YES;
				GCC_WARN_ABOUT_RETURN_TYPE = YES_ERROR;
				GCC_WARN_UNDECLARED_SELECTOR = YES;
				GCC_WARN_UNINITIALIZED_AUTOS = YES_AGGRESSIVE;
				GCC_WARN_UNUSED_FUNCTION = YES;
				GCC_WARN_UNUSED_VARIABLE = YES;
				IPHONEOS_DEPLOYMENT_TARGET = 8.0;
				MTL_ENABLE_DEBUG_INFO = YES;
				ONLY_ACTIVE_ARCH = YES;
				SDKROOT = iphoneos;
				SWIFT_OPTIMIZATION_LEVEL = "-Onone";
				TARGETED_DEVICE_FAMILY = "1,2";
			};
			name = Debug;
		};
		5288149E19F56BE0005A362D /* Release */ = {
			isa = XCBuildConfiguration;
			buildSettings = {
				ALWAYS_SEARCH_USER_PATHS = NO;
				CLANG_CXX_LANGUAGE_STANDARD = "gnu++0x";
				CLANG_CXX_LIBRARY = "libc++";
				CLANG_ENABLE_MODULES = YES;
				CLANG_ENABLE_OBJC_ARC = YES;
				CLANG_WARN_BOOL_CONVERSION = YES;
				CLANG_WARN_CONSTANT_CONVERSION = YES;
				CLANG_WARN_DIRECT_OBJC_ISA_USAGE = YES_ERROR;
				CLANG_WARN_EMPTY_BODY = YES;
				CLANG_WARN_ENUM_CONVERSION = YES;
				CLANG_WARN_INT_CONVERSION = YES;
				CLANG_WARN_OBJC_ROOT_CLASS = YES_ERROR;
				CLANG_WARN_UNREACHABLE_CODE = YES;
				CLANG_WARN__DUPLICATE_METHOD_MATCH = YES;
				"CODE_SIGN_IDENTITY[sdk=iphoneos*]" = "iPhone Developer";
				COPY_PHASE_STRIP = YES;
				ENABLE_NS_ASSERTIONS = NO;
				ENABLE_STRICT_OBJC_MSGSEND = YES;
				GCC_C_LANGUAGE_STANDARD = gnu99;
				GCC_WARN_64_TO_32_BIT_CONVERSION = YES;
				GCC_WARN_ABOUT_RETURN_TYPE = YES_ERROR;
				GCC_WARN_UNDECLARED_SELECTOR = YES;
				GCC_WARN_UNINITIALIZED_AUTOS = YES_AGGRESSIVE;
				GCC_WARN_UNUSED_FUNCTION = YES;
				GCC_WARN_UNUSED_VARIABLE = YES;
				IPHONEOS_DEPLOYMENT_TARGET = 8.0;
				MTL_ENABLE_DEBUG_INFO = NO;
				SDKROOT = iphoneos;
				TARGETED_DEVICE_FAMILY = "1,2";
				VALIDATE_PRODUCT = YES;
			};
			name = Release;
		};
		528814A019F56BE0005A362D /* Debug */ = {
			isa = XCBuildConfiguration;
			buildSettings = {
				ASSETCATALOG_COMPILER_APPICON_NAME = AppIcon;
				CODE_SIGN_IDENTITY = "iPhone Developer";
				INFOPLIST_FILE = GitHubToGo/Info.plist;
				IPHONEOS_DEPLOYMENT_TARGET = 7.1;
				LD_RUNPATH_SEARCH_PATHS = "$(inherited) @executable_path/Frameworks";
				PRODUCT_NAME = "$(TARGET_NAME)";
			};
			name = Debug;
		};
		528814A119F56BE0005A362D /* Release */ = {
			isa = XCBuildConfiguration;
			buildSettings = {
				ASSETCATALOG_COMPILER_APPICON_NAME = AppIcon;
				CODE_SIGN_IDENTITY = "iPhone Developer";
				INFOPLIST_FILE = GitHubToGo/Info.plist;
				IPHONEOS_DEPLOYMENT_TARGET = 7.1;
				LD_RUNPATH_SEARCH_PATHS = "$(inherited) @executable_path/Frameworks";
				PRODUCT_NAME = "$(TARGET_NAME)";
			};
			name = Release;
		};
		528814A319F56BE0005A362D /* Debug */ = {
			isa = XCBuildConfiguration;
			buildSettings = {
				BUNDLE_LOADER = "$(TEST_HOST)";
				FRAMEWORK_SEARCH_PATHS = (
					"$(SDKROOT)/Developer/Library/Frameworks",
					"$(inherited)",
				);
				GCC_PREPROCESSOR_DEFINITIONS = (
					"DEBUG=1",
					"$(inherited)",
				);
				INFOPLIST_FILE = GitHubToGoTests/Info.plist;
				LD_RUNPATH_SEARCH_PATHS = "$(inherited) @executable_path/Frameworks @loader_path/Frameworks";
				PRODUCT_NAME = "$(TARGET_NAME)";
				TEST_HOST = "$(BUILT_PRODUCTS_DIR)/GitHubToGo.app/GitHubToGo";
			};
			name = Debug;
		};
		528814A419F56BE0005A362D /* Release */ = {
			isa = XCBuildConfiguration;
			buildSettings = {
				BUNDLE_LOADER = "$(TEST_HOST)";
				FRAMEWORK_SEARCH_PATHS = (
					"$(SDKROOT)/Developer/Library/Frameworks",
					"$(inherited)",
				);
				INFOPLIST_FILE = GitHubToGoTests/Info.plist;
				LD_RUNPATH_SEARCH_PATHS = "$(inherited) @executable_path/Frameworks @loader_path/Frameworks";
				PRODUCT_NAME = "$(TARGET_NAME)";
				TEST_HOST = "$(BUILT_PRODUCTS_DIR)/GitHubToGo.app/GitHubToGo";
			};
			name = Release;
		};
/* End XCBuildConfiguration section */

/* Begin XCConfigurationList section */
		5288147B19F56BE0005A362D /* Build configuration list for PBXProject "GitHubToGo" */ = {
			isa = XCConfigurationList;
			buildConfigurations = (
				5288149D19F56BE0005A362D /* Debug */,
				5288149E19F56BE0005A362D /* Release */,
			);
			defaultConfigurationIsVisible = 0;
			defaultConfigurationName = Release;
		};
		5288149F19F56BE0005A362D /* Build configuration list for PBXNativeTarget "GitHubToGo" */ = {
			isa = XCConfigurationList;
			buildConfigurations = (
				528814A019F56BE0005A362D /* Debug */,
				528814A119F56BE0005A362D /* Release */,
			);
			defaultConfigurationIsVisible = 0;
			defaultConfigurationName = Release;
		};
		528814A219F56BE0005A362D /* Build configuration list for PBXNativeTarget "GitHubToGoTests" */ = {
			isa = XCConfigurationList;
			buildConfigurations = (
				528814A319F56BE0005A362D /* Debug */,
				528814A419F56BE0005A362D /* Release */,
			);
			defaultConfigurationIsVisible = 0;
			defaultConfigurationName = Release;
		};
/* End XCConfigurationList section */
	};
	rootObject = 5288147819F56BE0005A362D /* Project object */;
}
